
Microsoft Visual Studio Solution File, Format Version 12.00
# Visual Studio 14
VisualStudioVersion = 14.0.25123.0
MinimumVisualStudioVersion = 10.0.40219.1
Project("{FAE04EC0-301F-11D3-BF4B-00C04F79EFBC}") = "L4ProjectFrontEnd", "L4ProjectFrontEnd\L4ProjectFrontEnd.csproj", "{B571F3D0-A543-4EAC-847F-3BC7548D43E6}"
EndProject
Global
	GlobalSection(SolutionConfigurationPlatforms) = preSolution
		Debug|Any CPU = Debug|Any CPU
		Release|Any CPU = Release|Any CPU
	EndGlobalSection
	GlobalSection(ProjectConfigurationPlatforms) = postSolution
		{B571F3D0-A543-4EAC-847F-3BC7548D43E6}.Debug|Any CPU.ActiveCfg = Debug|Any CPU
		{B571F3D0-A543-4EAC-847F-3BC7548D43E6}.Debug|Any CPU.Build.0 = Debug|Any CPU
		{B571F3D0-A543-4EAC-847F-3BC7548D43E6}.Release|Any CPU.ActiveCfg = Release|Any CPU
		{B571F3D0-A543-4EAC-847F-3BC7548D43E6}.Release|Any CPU.Build.0 = Release|Any CPU
	EndGlobalSection
	GlobalSection(SolutionProperties) = preSolution
		HideSolutionNode = FALSE
	EndGlobalSection
EndGlobal
